# Generated by pub
# See https://dart.dev/tools/pub/glossary#lockfile
packages:
  sizzle_lints:
    dependency: "direct dev"
    description:
      name: sizzle_lints
      sha256: "8da6c40202eb45720ddfc765d89cd7cd294cd521233ffcc57a7ed3d72dbc0609"
      url: "https://pub.dev"
    source: hosted
    version: "2.1.7"
sdks:
  dart: ">=3.8.0 <4.0.0"
  flutter: ">=3.32.0"
